
Microsoft Visual Studio Solution File, Format Version 12.00
# Visual Studio Version 16
VisualStudioVersion = 16.0.31515.178
MinimumVisualStudioVersion = 10.0.40219.1
Project("{FAE04EC0-301F-11D3-BF4B-00C04F79EFBC}") = "Method Overload", "Method Overload\Method Overload.csproj", "{C5018422-8C37-4608-B762-27DC5A7C71EA}"
EndProject
Global
	GlobalSection(SolutionConfigurationPlatforms) = preSolution
		Debug|Any CPU = Debug|Any CPU
		Release|Any CPU = Release|Any CPU
	EndGlobalSection
	GlobalSection(ProjectConfigurationPlatforms) = postSolution
		{C5018422-8C37-4608-B762-27DC5A7C71EA}.Debug|Any CPU.ActiveCfg = Debug|Any CPU
		{C5018422-8C37-4608-B762-27DC5A7C71EA}.Debug|Any CPU.Build.0 = Debug|Any CPU
		{C5018422-8C37-4608-B762-27DC5A7C71EA}.Release|Any CPU.ActiveCfg = Release|Any CPU
		{C5018422-8C37-4608-B762-27DC5A7C71EA}.Release|Any CPU.Build.0 = Release|Any CPU
	EndGlobalSection
	GlobalSection(SolutionProperties) = preSolution
		HideSolutionNode = FALSE
	EndGlobalSection
	GlobalSection(ExtensibilityGlobals) = postSolution
		SolutionGuid = {FBB08DBF-177B-4603-9732-9E48FB48EB1B}
	EndGlobalSection
EndGlobal
